
Microsoft Visual Studio Solution File, Format Version 12.00
# Visual Studio Version 16
VisualStudioVersion = 16.0.33214.272
MinimumVisualStudioVersion = 10.0.40219.1
Project("{FAE04EC0-301F-11D3-BF4B-00C04F79EFBC}") = "Hangman", "Hangman.csproj", "{8420E637-DED0-48AB-A40A-8F28BF92AF59}"
EndProject
Global
	GlobalSection(SolutionConfigurationPlatforms) = preSolution
		Debug|Any CPU = Debug|Any CPU
		Release|Any CPU = Release|Any CPU
	EndGlobalSection
	GlobalSection(ProjectConfigurationPlatforms) = postSolution
		{8420E637-DED0-48AB-A40A-8F28BF92AF59}.Debug|Any CPU.ActiveCfg = Debug|Any CPU
		{8420E637-DED0-48AB-A40A-8F28BF92AF59}.Debug|Any CPU.Build.0 = Debug|Any CPU
		{8420E637-DED0-48AB-A40A-8F28BF92AF59}.Release|Any CPU.ActiveCfg = Release|Any CPU
		{8420E637-DED0-48AB-A40A-8F28BF92AF59}.Release|Any CPU.Build.0 = Release|Any CPU
	EndGlobalSection
	GlobalSection(SolutionProperties) = preSolution
		HideSolutionNode = FALSE
	EndGlobalSection
	GlobalSection(ExtensibilityGlobals) = postSolution
		SolutionGuid = {537AB59F-9A33-4DDA-AC4B-49085CE612F6}
	EndGlobalSection
EndGlobal
